# This file is automatically @generated by Cargo.
# It is not intended for manual editing.
version = 3

[[package]]
name = "cargo-quickinstall"
version = "0.2.7-alpha.0"
dependencies = [
 "home",
 "mktemp",
 "pico-args",
 "tinyjson",
]

[[package]]
name = "cfg-if"
version = "1.0.0"
source = "registry+https://github.com/rust-lang/crates.io-index"
checksum = "baf1de4339761588bc0619e3cbc0120ee582ebb74b53b4efbf79117bd2da40fd"

[[package]]
name = "getrandom"
version = "0.2.5"
source = "registry+https://github.com/rust-lang/crates.io-index"
checksum = "d39cd93900197114fa1fcb7ae84ca742095eed9442088988ae74fa744e930e77"
dependencies = [
 "cfg-if",
 "libc",
 "wasi",
]

[[package]]
name = "home"
version = "0.5.4"
source = "registry+https://github.com/rust-lang/crates.io-index"
checksum = "747309b4b440c06d57b0b25f2aee03ee9b5e5397d288c60e21fc709bb98a7408"
dependencies = [
 "winapi",
]

[[package]]
name = "libc"
version = "0.2.119"
source = "registry+https://github.com/rust-lang/crates.io-index"
checksum = "1bf2e165bb3457c8e098ea76f3e3bc9db55f87aa90d52d0e6be741470916aaa4"

[[package]]
name = "mktemp"
version = "0.5.0"
source = "registry+https://github.com/rust-lang/crates.io-index"
checksum = "4bdc1f74dd7bb717d39f784f844e490d935b3aa7e383008006dbbf29c1f7820a"
dependencies = [
 "uuid",
]

[[package]]
name = "pico-args"
version = "0.5.0"
source = "registry+https://github.com/rust-lang/crates.io-index"
checksum = "5be167a7af36ee22fe3115051bc51f6e6c7054c9348e28deb4f49bd6f705a315"

[[package]]
name = "tinyjson"
version = "2.5.0"
source = "registry+https://github.com/rust-lang/crates.io-index"
checksum = "b4b2f023483085707f4f0c1238a8a7baf8b502a1d427b9ed2a243884d3d687bb"

[[package]]
name = "uuid"
version = "1.2.1"
source = "registry+https://github.com/rust-lang/crates.io-index"
checksum = "feb41e78f93363bb2df8b0e86a2ca30eed7806ea16ea0c790d757cf93f79be83"
dependencies = [
 "getrandom",
]

[[package]]
name = "wasi"
version = "0.10.2+wasi-snapshot-preview1"
source = "registry+https://github.com/rust-lang/crates.io-index"
checksum = "fd6fbd9a79829dd1ad0cc20627bf1ed606756a7f77edff7b66b7064f9cb327c6"

[[package]]
name = "winapi"
version = "0.3.9"
source = "registry+https://github.com/rust-lang/crates.io-index"
checksum = "5c839a674fcd7a98952e593242ea400abe93992746761e38641405d28b00f419"
dependencies = [
 "winapi-i686-pc-windows-gnu",
 "winapi-x86_64-pc-windows-gnu",
]

[[package]]
name = "winapi-i686-pc-windows-gnu"
version = "0.4.0"
source = "registry+https://github.com/rust-lang/crates.io-index"
checksum = "ac3b87c63620426dd9b991e5ce0329eff545bccbbb34f3be09ff6fb6ab51b7b6"

[[package]]
name = "winapi-x86_64-pc-windows-gnu"
version = "0.4.0"
source = "registry+https://github.com/rust-lang/crates.io-index"
checksum = "712e227841d057c1ee1cd2fb22fa7e5a5461ae8e48fa2ca79ec42cfc1931183f"
