# This file is automatically @generated by Cargo.
# It is not intended for manual editing.
[[package]]
name = "cargo-quickinstall"
version = "0.1.6"
dependencies = [
 "tinyjson",
]

[[package]]
name = "tinyjson"
version = "2.2.0"
source = "registry+https://github.com/rust-lang/crates.io-index"
checksum = "ad73d64a61cff5b678aa6a06871966914b356c176ca278e62f76c37d04d52506"
