version = 1
requires-python = ">=3.10"

[[package]]
name = "certifi"
version = "2024.8.30"
source = { registry = "https://pypi.org/simple" }
sdist = { url = "https://files.pythonhosted.org/packages/b0/ee/9b19140fe824b367c04c5e1b369942dd754c4c5462d5674002f75c4dedc1/certifi-2024.8.30.tar.gz", hash = "sha256:bec941d2aa8195e248a60b31ff9f0558284cf01a52591ceda73ea9afffd69fd9", size = 168507 }
wheels = [
    { url = "https://files.pythonhosted.org/packages/12/90/3c9ff0512038035f59d279fddeb79f5f1eccd8859f06d6163c58798b9487/certifi-2024.8.30-py3-none-any.whl", hash = "sha256:922820b53db7a7257ffbda3f597266d435245903d80737e34f8a45ff3e3230d8", size = 167321 },
]

[[package]]
name = "influxdb3-python"
version = "0.8.0"
source = { registry = "https://pypi.org/simple" }
dependencies = [
    { name = "certifi" },
    { name = "pyarrow" },
    { name = "python-dateutil" },
    { name = "reactivex" },
    { name = "setuptools" },
    { name = "urllib3" },
]
sdist = { url = "https://files.pythonhosted.org/packages/1e/44/a8d388c29d41bb1e793eaaba31c430e6fb5dca87f9963ace16d6a25e6c03/influxdb3_python-0.8.0.tar.gz", hash = "sha256:11dd55a5cb96fc8c595b46534f1224b93c1da58bd64f66b8a986ca43c85b0855", size = 65785 }
wheels = [
    { url = "https://files.pythonhosted.org/packages/3d/48/a12a1b19ca01c1932bc8ab82c6800a230da1f2357f2ff5b059182b531acf/influxdb3_python-0.8.0-py3-none-any.whl", hash = "sha256:52b960a97df84b3b62989415a7c87bae595b5b67ec3d5882f37f86e021b35014", size = 75294 },
]

[[package]]
name = "numpy"
version = "2.1.1"
source = { registry = "https://pypi.org/simple" }
sdist = { url = "https://files.pythonhosted.org/packages/59/5f/9003bb3e632f2b58f5e3a3378902dcc73c5518070736c6740fe52454e8e1/numpy-2.1.1.tar.gz", hash = "sha256:d0cf7d55b1051387807405b3898efafa862997b4cba8aa5dbe657be794afeafd", size = 18874860 }
wheels = [
    { url = "https://files.pythonhosted.org/packages/d5/37/e3de47233b3ba458b1021a6f95029198b2f68a83eb886a862640b6ec3e9a/numpy-2.1.1-cp310-cp310-macosx_10_9_x86_64.whl", hash = "sha256:c8a0e34993b510fc19b9a2ce7f31cb8e94ecf6e924a40c0c9dd4f62d0aac47d9", size = 21150738 },
    { url = "https://files.pythonhosted.org/packages/69/30/f41c9b6dab4e1ec56b40d1daa81ce9f9f8d26da6d02af18768a883676bd5/numpy-2.1.1-cp310-cp310-macosx_11_0_arm64.whl", hash = "sha256:7dd86dfaf7c900c0bbdcb8b16e2f6ddf1eb1fe39c6c8cca6e94844ed3152a8fd", size = 13758247 },
    { url = "https://files.pythonhosted.org/packages/e1/30/d2f71d3419ada3b3735e2ce9cea7dfe22c268ac9fbb24e0b5ac5fc222633/numpy-2.1.1-cp310-cp310-macosx_14_0_arm64.whl", hash = "sha256:5889dd24f03ca5a5b1e8a90a33b5a0846d8977565e4ae003a63d22ecddf6782f", size = 5353756 },
    { url = "https://files.pythonhosted.org/packages/84/64/879bd6877488441cfaa578c96bdc4b43710d7e3ae4f8260fbd04821da395/numpy-2.1.1-cp310-cp310-macosx_14_0_x86_64.whl", hash = "sha256:59ca673ad11d4b84ceb385290ed0ebe60266e356641428c845b39cd9df6713ab", size = 6886809 },
    { url = "https://files.pythonhosted.org/packages/cd/c4/869f8db87f5c9df86b93ca42036f58911ff162dd091a41e617977ab50d1f/numpy-2.1.1-cp310-cp310-manylinux_2_17_aarch64.manylinux2014_aarch64.whl", hash = "sha256:13ce49a34c44b6de5241f0b38b07e44c1b2dcacd9e36c30f9c2fcb1bb5135db7", size = 13977367 },
    { url = "https://files.pythonhosted.org/packages/7d/4b/a509d346fffede6120cc17610cc500819417ee9c3da7f08d9aaf15cab2a3/numpy-2.1.1-cp310-cp310-manylinux_2_17_x86_64.manylinux2014_x86_64.whl", hash = "sha256:913cc1d311060b1d409e609947fa1b9753701dac96e6581b58afc36b7ee35af6", size = 16326516 },
    { url = "https://files.pythonhosted.org/packages/4a/0c/fdba41b2ddeb7a052f84d85fb17d5e168af0e8034b3a2d6e369b7cc2966f/numpy-2.1.1-cp310-cp310-musllinux_1_1_x86_64.whl", hash = "sha256:caf5d284ddea7462c32b8d4a6b8af030b6c9fd5332afb70e7414d7fdded4bfd0", size = 16702642 },
    { url = "https://files.pythonhosted.org/packages/bf/8d/a8da065a46515efdbcf81a92535b816ea17194ce5b767df1f13815c32179/numpy-2.1.1-cp310-cp310-musllinux_1_2_aarch64.whl", hash = "sha256:57eb525e7c2a8fdee02d731f647146ff54ea8c973364f3b850069ffb42799647", size = 14475522 },
    { url = "https://files.pythonhosted.org/packages/b9/d2/5b7cf5851af48c35a73b85750b41f9b622760ee11659665a688e6b3f7cb7/numpy-2.1.1-cp310-cp310-win32.whl", hash = "sha256:9a8e06c7a980869ea67bbf551283bbed2856915f0a792dc32dd0f9dd2fb56728", size = 6535211 },
    { url = "https://files.pythonhosted.org/packages/e5/6a/b1f7d73fec1942ded4b474a78c3fdd11c4fad5232143f41dd7e6ae166080/numpy-2.1.1-cp310-cp310-win_amd64.whl", hash = "sha256:d10c39947a2d351d6d466b4ae83dad4c37cd6c3cdd6d5d0fa797da56f710a6ae", size = 12865289 },
    { url = "https://files.pythonhosted.org/packages/f7/86/2c01070424a42b286ea0271203682c3d3e81e10ce695545b35768307b383/numpy-2.1.1-cp311-cp311-macosx_10_9_x86_64.whl", hash = "sha256:0d07841fd284718feffe7dd17a63a2e6c78679b2d386d3e82f44f0108c905550", size = 21154850 },
    { url = "https://files.pythonhosted.org/packages/ef/4e/d3426d9e620a18bbb979f28e4dc7f9a2c35eb7cf726ffcb33545ebdd3e6a/numpy-2.1.1-cp311-cp311-macosx_11_0_arm64.whl", hash = "sha256:b5613cfeb1adfe791e8e681128f5f49f22f3fcaa942255a6124d58ca59d9528f", size = 13789477 },
    { url = "https://files.pythonhosted.org/packages/c6/6e/fb6b1b2da9f4c757f55b202f10b6af0fe4fee87ace6e830228a12ab8ae5d/numpy-2.1.1-cp311-cp311-macosx_14_0_arm64.whl", hash = "sha256:0b8cc2715a84b7c3b161f9ebbd942740aaed913584cae9cdc7f8ad5ad41943d0", size = 5351769 },
    { url = "https://files.pythonhosted.org/packages/58/9a/07c8a9dc7254f3265ae014e33768d1cfd8eb73ee6cf215f4ec3b497e4255/numpy-2.1.1-cp311-cp311-macosx_14_0_x86_64.whl", hash = "sha256:b49742cdb85f1f81e4dc1b39dcf328244f4d8d1ded95dea725b316bd2cf18c95", size = 6890872 },
    { url = "https://files.pythonhosted.org/packages/08/4e/3b50fa3b1e045793056ed5a1fc6f89dd897ff9cb00900ca6377fe552d442/numpy-2.1.1-cp311-cp311-manylinux_2_17_aarch64.manylinux2014_aarch64.whl", hash = "sha256:e8d5f8a8e3bc87334f025194c6193e408903d21ebaeb10952264943a985066ca", size = 13984256 },
    { url = "https://files.pythonhosted.org/packages/d9/37/108d692f7e2544b9ae972c7bfa06c26717871c273ccec86470bc3132b04d/numpy-2.1.1-cp311-cp311-manylinux_2_17_x86_64.manylinux2014_x86_64.whl", hash = "sha256:d51fc141ddbe3f919e91a096ec739f49d686df8af254b2053ba21a910ae518bf", size = 16337778 },
    { url = "https://files.pythonhosted.org/packages/95/2d/df81a1be3be6d3a92fd12dfd6c26a0dc026b276136ec1056562342a484a2/numpy-2.1.1-cp311-cp311-musllinux_1_1_x86_64.whl", hash = "sha256:98ce7fb5b8063cfdd86596b9c762bf2b5e35a2cdd7e967494ab78a1fa7f8b86e", size = 16710448 },
    { url = "https://files.pythonhosted.org/packages/8f/34/4b2e604c5c44bd64b6c85e89d88871b41e60233b3ddf97419b37ae5b0c72/numpy-2.1.1-cp311-cp311-musllinux_1_2_aarch64.whl", hash = "sha256:24c2ad697bd8593887b019817ddd9974a7f429c14a5469d7fad413f28340a6d2", size = 14489002 },
    { url = "https://files.pythonhosted.org/packages/9f/0d/67c04b6bfefd0abbe7f60f7e4f11e3aca15d688faec1d1df089966105a9a/numpy-2.1.1-cp311-cp311-win32.whl", hash = "sha256:397bc5ce62d3fb73f304bec332171535c187e0643e176a6e9421a6e3eacef06d", size = 6533215 },
    { url = "https://files.pythonhosted.org/packages/94/7a/4c00332a3ca79702bbc86228afd0e84e6f91b47222ec8cdf00677dd16481/numpy-2.1.1-cp311-cp311-win_amd64.whl", hash = "sha256:ae8ce252404cdd4de56dcfce8b11eac3c594a9c16c231d081fb705cf23bd4d9e", size = 12870550 },
    { url = "https://files.pythonhosted.org/packages/36/11/c573ef66c004f991989c2c6218229d9003164525549409aec5ec9afc0285/numpy-2.1.1-cp312-cp312-macosx_10_9_x86_64.whl", hash = "sha256:7c803b7934a7f59563db459292e6aa078bb38b7ab1446ca38dd138646a38203e", size = 20884403 },
    { url = "https://files.pythonhosted.org/packages/6b/6c/a9fbef5fd2f9685212af2a9e47485cde9357c3e303e079ccf85127516f2d/numpy-2.1.1-cp312-cp312-macosx_11_0_arm64.whl", hash = "sha256:6435c48250c12f001920f0751fe50c0348f5f240852cfddc5e2f97e007544cbe", size = 13493375 },
    { url = "https://files.pythonhosted.org/packages/34/f2/1316a6b08ad4c161d793abe81ff7181e9ae2e357a5b06352a383b9f8e800/numpy-2.1.1-cp312-cp312-macosx_14_0_arm64.whl", hash = "sha256:3269c9eb8745e8d975980b3a7411a98976824e1fdef11f0aacf76147f662b15f", size = 5088823 },
    { url = "https://files.pythonhosted.org/packages/be/15/fabf78a6d4a10c250e87daf1cd901af05e71501380532ac508879cc46a7e/numpy-2.1.1-cp312-cp312-macosx_14_0_x86_64.whl", hash = "sha256:fac6e277a41163d27dfab5f4ec1f7a83fac94e170665a4a50191b545721c6521", size = 6619825 },
    { url = "https://files.pythonhosted.org/packages/9f/8a/76ddef3e621541ddd6984bc24d256a4e3422d036790cbbe449e6cad439ee/numpy-2.1.1-cp312-cp312-manylinux_2_17_aarch64.manylinux2014_aarch64.whl", hash = "sha256:fcd8f556cdc8cfe35e70efb92463082b7f43dd7e547eb071ffc36abc0ca4699b", size = 13696705 },
    { url = "https://files.pythonhosted.org/packages/cb/22/2b840d297183916a95847c11f82ae11e248fa98113490b2357f774651e1d/numpy-2.1.1-cp312-cp312-manylinux_2_17_x86_64.manylinux2014_x86_64.whl", hash = "sha256:d2b9cd92c8f8e7b313b80e93cedc12c0112088541dcedd9197b5dee3738c1201", size = 16041649 },
    { url = "https://files.pythonhosted.org/packages/c7/e8/6f4825d8f576cfd5e4d6515b9eec22bd618868bdafc8a8c08b446dcb65f0/numpy-2.1.1-cp312-cp312-musllinux_1_1_x86_64.whl", hash = "sha256:afd9c680df4de71cd58582b51e88a61feed4abcc7530bcd3d48483f20fc76f2a", size = 16409358 },
    { url = "https://files.pythonhosted.org/packages/bf/f8/5edf1105b0dc24fd66fc3e9e7f3bca3d920cde571caaa4375ec1566073c3/numpy-2.1.1-cp312-cp312-musllinux_1_2_aarch64.whl", hash = "sha256:8661c94e3aad18e1ea17a11f60f843a4933ccaf1a25a7c6a9182af70610b2313", size = 14172488 },
    { url = "https://files.pythonhosted.org/packages/f4/c2/dddca3e69a024d2f249a5b68698328163cbdafb7e65fbf6d36373bbabf12/numpy-2.1.1-cp312-cp312-win32.whl", hash = "sha256:950802d17a33c07cba7fd7c3dcfa7d64705509206be1606f196d179e539111ed", size = 6237195 },
    { url = "https://files.pythonhosted.org/packages/b7/98/5640a09daa3abf0caeaefa6e7bf0d10c0aa28a77c84e507d6a716e0e23df/numpy-2.1.1-cp312-cp312-win_amd64.whl", hash = "sha256:3fc5eabfc720db95d68e6646e88f8b399bfedd235994016351b1d9e062c4b270", size = 12568082 },
    { url = "https://files.pythonhosted.org/packages/6b/9e/8bc6f133bc6d359ccc9ec051853aded45504d217685191f31f46d36b7065/numpy-2.1.1-cp313-cp313-macosx_10_13_x86_64.whl", hash = "sha256:046356b19d7ad1890c751b99acad5e82dc4a02232013bd9a9a712fddf8eb60f5", size = 20834810 },
    { url = "https://files.pythonhosted.org/packages/32/1b/429519a2fa28681814c511574017d35f3aab7136d554cc65f4c1526dfbf5/numpy-2.1.1-cp313-cp313-macosx_11_0_arm64.whl", hash = "sha256:6e5a9cb2be39350ae6c8f79410744e80154df658d5bea06e06e0ac5bb75480d5", size = 13507739 },
    { url = "https://files.pythonhosted.org/packages/25/18/c732d7dd9896d11e4afcd487ac65e62f9fa0495563b7614eb850765361fa/numpy-2.1.1-cp313-cp313-macosx_14_0_arm64.whl", hash = "sha256:d4c57b68c8ef5e1ebf47238e99bf27657511ec3f071c465f6b1bccbef12d4136", size = 5074465 },
    { url = "https://files.pythonhosted.org/packages/3e/37/838b7ae9262c370ab25312bab365492016f11810ffc03ebebbd54670b669/numpy-2.1.1-cp313-cp313-macosx_14_0_x86_64.whl", hash = "sha256:8ae0fd135e0b157365ac7cc31fff27f07a5572bdfc38f9c2d43b2aff416cc8b0", size = 6606418 },
    { url = "https://files.pythonhosted.org/packages/8b/b9/7ff3bfb71e316a5b43a124c4b7a5881ab12f3c32636014bef1f757f19dbd/numpy-2.1.1-cp313-cp313-manylinux_2_17_aarch64.manylinux2014_aarch64.whl", hash = "sha256:981707f6b31b59c0c24bcda52e5605f9701cb46da4b86c2e8023656ad3e833cb", size = 13692464 },
    { url = "https://files.pythonhosted.org/packages/42/78/75bcf16e6737cd196ff7ecf0e1fd3f953293a34dff4fd93fb488e8308536/numpy-2.1.1-cp313-cp313-manylinux_2_17_x86_64.manylinux2014_x86_64.whl", hash = "sha256:2ca4b53e1e0b279142113b8c5eb7d7a877e967c306edc34f3b58e9be12fda8df", size = 16037763 },
    { url = "https://files.pythonhosted.org/packages/23/99/36bf5ffe034d06df307bc783e25cf164775863166dcd878879559fe0379f/numpy-2.1.1-cp313-cp313-musllinux_1_1_x86_64.whl", hash = "sha256:e097507396c0be4e547ff15b13dc3866f45f3680f789c1a1301b07dadd3fbc78", size = 16410374 },
    { url = "https://files.pythonhosted.org/packages/7f/16/04c5dab564887d4cd31a9ed30e51467fa70d52a4425f5a9bd1eed5b3d34c/numpy-2.1.1-cp313-cp313-musllinux_1_2_aarch64.whl", hash = "sha256:f7506387e191fe8cdb267f912469a3cccc538ab108471291636a96a54e599556", size = 14169873 },
    { url = "https://files.pythonhosted.org/packages/09/e0/d1b5adbf1731886c4186c59a9fa208585df9452a43a2b60e79af7c649717/numpy-2.1.1-cp313-cp313-win32.whl", hash = "sha256:251105b7c42abe40e3a689881e1793370cc9724ad50d64b30b358bbb3a97553b", size = 6234118 },
    { url = "https://files.pythonhosted.org/packages/d0/9c/2391ee6e9ebe77232ddcab29d92662b545e99d78c3eb3b4e26d59b9ca1ca/numpy-2.1.1-cp313-cp313-win_amd64.whl", hash = "sha256:f212d4f46b67ff604d11fff7cc62d36b3e8714edf68e44e9760e19be38c03eb0", size = 12561742 },
    { url = "https://files.pythonhosted.org/packages/38/0e/c4f754f9e73f9bb520e8bf418c646f2c4f70c5d5f2bc561e90f884593193/numpy-2.1.1-cp313-cp313t-macosx_10_13_x86_64.whl", hash = "sha256:920b0911bb2e4414c50e55bd658baeb78281a47feeb064ab40c2b66ecba85553", size = 20858403 },
    { url = "https://files.pythonhosted.org/packages/32/fc/d69092b9171efa0cb8079577e71ce0cac0e08f917d33f6e99c916ed51d44/numpy-2.1.1-cp313-cp313t-macosx_11_0_arm64.whl", hash = "sha256:bab7c09454460a487e631ffc0c42057e3d8f2a9ddccd1e60c7bb8ed774992480", size = 13519851 },
    { url = "https://files.pythonhosted.org/packages/14/2a/d7cf2cd9f15b23f623075546ea64a2c367cab703338ca22aaaecf7e704df/numpy-2.1.1-cp313-cp313t-macosx_14_0_arm64.whl", hash = "sha256:cea427d1350f3fd0d2818ce7350095c1a2ee33e30961d2f0fef48576ddbbe90f", size = 5115444 },
    { url = "https://files.pythonhosted.org/packages/8e/00/e87b2cb4afcecca3b678deefb8fa53005d7054f3b5c39596e5554e5d98f8/numpy-2.1.1-cp313-cp313t-macosx_14_0_x86_64.whl", hash = "sha256:e30356d530528a42eeba51420ae8bf6c6c09559051887196599d96ee5f536468", size = 6628903 },
    { url = "https://files.pythonhosted.org/packages/ab/9d/337ae8721b3beec48c3413d71f2d44b2defbf3c6f7a85184fc18b7b61f4a/numpy-2.1.1-cp313-cp313t-manylinux_2_17_aarch64.manylinux2014_aarch64.whl", hash = "sha256:e8dfa9e94fc127c40979c3eacbae1e61fda4fe71d84869cc129e2721973231ef", size = 13665945 },
    { url = "https://files.pythonhosted.org/packages/c0/90/ee8668e84c5d5cc080ef3beb622c016adf19ca3aa51afe9dbdcc6a9baf59/numpy-2.1.1-cp313-cp313t-manylinux_2_17_x86_64.manylinux2014_x86_64.whl", hash = "sha256:910b47a6d0635ec1bd53b88f86120a52bf56dcc27b51f18c7b4a2e2224c29f0f", size = 16023473 },
    { url = "https://files.pythonhosted.org/packages/38/a0/57c24b2131879183051dc698fbb53fd43b77c3fa85b6e6311014f2bc2973/numpy-2.1.1-cp313-cp313t-musllinux_1_1_x86_64.whl", hash = "sha256:13cc11c00000848702322af4de0147ced365c81d66053a67c2e962a485b3717c", size = 16400624 },
    { url = "https://files.pythonhosted.org/packages/bb/4c/14a41eb5c9548c6cee6af0936eabfd985c69230ffa2f2598321431a9aa0a/numpy-2.1.1-cp313-cp313t-musllinux_1_2_aarch64.whl", hash = "sha256:53e27293b3a2b661c03f79aa51c3987492bd4641ef933e366e0f9f6c9bf257ec", size = 14155072 },
    { url = "https://files.pythonhosted.org/packages/94/9a/d6a5d138b53ccdc002fdf07f0d1a960326c510e66cbfff7180c88d37c482/numpy-2.1.1-pp310-pypy310_pp73-macosx_10_15_x86_64.whl", hash = "sha256:7be6a07520b88214ea85d8ac8b7d6d8a1839b0b5cb87412ac9f49fa934eb15d5", size = 20982055 },
    { url = "https://files.pythonhosted.org/packages/40/b5/78d8b5481aeef6d2aad3724c6aa5398045d2657038dfe54c055cae1fcf75/numpy-2.1.1-pp310-pypy310_pp73-macosx_14_0_x86_64.whl", hash = "sha256:52ac2e48f5ad847cd43c4755520a2317f3380213493b9d8a4c5e37f3b87df504", size = 6750222 },
    { url = "https://files.pythonhosted.org/packages/eb/9a/59a548ad57df8c432bfac4556504a9fae5c082ffea53d108fcf7ce2956e4/numpy-2.1.1-pp310-pypy310_pp73-manylinux_2_17_x86_64.manylinux2014_x86_64.whl", hash = "sha256:50a95ca3560a6058d6ea91d4629a83a897ee27c00630aed9d933dff191f170cd", size = 16141236 },
    { url = "https://files.pythonhosted.org/packages/02/31/3cbba87e998748b2e33ca5bc6fcc5662c867037f980918e302aebdf139a2/numpy-2.1.1-pp310-pypy310_pp73-win_amd64.whl", hash = "sha256:99f4a9ee60eed1385a86e82288971a51e71df052ed0b2900ed30bc840c0f2e39", size = 12789681 },
]

[[package]]
name = "pyarrow"
version = "17.0.0"
source = { registry = "https://pypi.org/simple" }
dependencies = [
    { name = "numpy" },
]
sdist = { url = "https://files.pythonhosted.org/packages/27/4e/ea6d43f324169f8aec0e57569443a38bab4b398d09769ca64f7b4d467de3/pyarrow-17.0.0.tar.gz", hash = "sha256:4beca9521ed2c0921c1023e68d097d0299b62c362639ea315572a58f3f50fd28", size = 1112479 }
wheels = [
    { url = "https://files.pythonhosted.org/packages/39/5d/78d4b040bc5ff2fc6c3d03e80fca396b742f6c125b8af06bcf7427f931bc/pyarrow-17.0.0-cp310-cp310-macosx_10_15_x86_64.whl", hash = "sha256:a5c8b238d47e48812ee577ee20c9a2779e6a5904f1708ae240f53ecbee7c9f07", size = 28994846 },
    { url = "https://files.pythonhosted.org/packages/3b/73/8ed168db7642e91180330e4ea9f3ff8bab404678f00d32d7df0871a4933b/pyarrow-17.0.0-cp310-cp310-macosx_11_0_arm64.whl", hash = "sha256:db023dc4c6cae1015de9e198d41250688383c3f9af8f565370ab2b4cb5f62655", size = 27165908 },
    { url = "https://files.pythonhosted.org/packages/81/36/e78c24be99242063f6d0590ef68c857ea07bdea470242c361e9a15bd57a4/pyarrow-17.0.0-cp310-cp310-manylinux_2_17_aarch64.manylinux2014_aarch64.whl", hash = "sha256:da1e060b3876faa11cee287839f9cc7cdc00649f475714b8680a05fd9071d545", size = 39264209 },
    { url = "https://files.pythonhosted.org/packages/18/4c/3db637d7578f683b0a8fb8999b436bdbedd6e3517bd4f90c70853cf3ad20/pyarrow-17.0.0-cp310-cp310-manylinux_2_17_x86_64.manylinux2014_x86_64.whl", hash = "sha256:75c06d4624c0ad6674364bb46ef38c3132768139ddec1c56582dbac54f2663e2", size = 39862883 },
    { url = "https://files.pythonhosted.org/packages/81/3c/0580626896c842614a523e66b351181ed5bb14e5dfc263cd68cea2c46d90/pyarrow-17.0.0-cp310-cp310-manylinux_2_28_aarch64.whl", hash = "sha256:fa3c246cc58cb5a4a5cb407a18f193354ea47dd0648194e6265bd24177982fe8", size = 38723009 },
    { url = "https://files.pythonhosted.org/packages/ee/fb/c1b47f0ada36d856a352da261a44d7344d8f22e2f7db3945f8c3b81be5dd/pyarrow-17.0.0-cp310-cp310-manylinux_2_28_x86_64.whl", hash = "sha256:f7ae2de664e0b158d1607699a16a488de3d008ba99b3a7aa5de1cbc13574d047", size = 39855626 },
    { url = "https://files.pythonhosted.org/packages/19/09/b0a02908180a25d57312ab5919069c39fddf30602568980419f4b02393f6/pyarrow-17.0.0-cp310-cp310-win_amd64.whl", hash = "sha256:5984f416552eea15fd9cee03da53542bf4cddaef5afecefb9aa8d1010c335087", size = 25147242 },
    { url = "https://files.pythonhosted.org/packages/f9/46/ce89f87c2936f5bb9d879473b9663ce7a4b1f4359acc2f0eb39865eaa1af/pyarrow-17.0.0-cp311-cp311-macosx_10_15_x86_64.whl", hash = "sha256:1c8856e2ef09eb87ecf937104aacfa0708f22dfeb039c363ec99735190ffb977", size = 29028748 },
    { url = "https://files.pythonhosted.org/packages/8d/8e/ce2e9b2146de422f6638333c01903140e9ada244a2a477918a368306c64c/pyarrow-17.0.0-cp311-cp311-macosx_11_0_arm64.whl", hash = "sha256:2e19f569567efcbbd42084e87f948778eb371d308e137a0f97afe19bb860ccb3", size = 27190965 },
    { url = "https://files.pythonhosted.org/packages/3b/c8/5675719570eb1acd809481c6d64e2136ffb340bc387f4ca62dce79516cea/pyarrow-17.0.0-cp311-cp311-manylinux_2_17_aarch64.manylinux2014_aarch64.whl", hash = "sha256:6b244dc8e08a23b3e352899a006a26ae7b4d0da7bb636872fa8f5884e70acf15", size = 39269081 },
    { url = "https://files.pythonhosted.org/packages/5e/78/3931194f16ab681ebb87ad252e7b8d2c8b23dad49706cadc865dff4a1dd3/pyarrow-17.0.0-cp311-cp311-manylinux_2_17_x86_64.manylinux2014_x86_64.whl", hash = "sha256:0b72e87fe3e1db343995562f7fff8aee354b55ee83d13afba65400c178ab2597", size = 39864921 },
    { url = "https://files.pythonhosted.org/packages/d8/81/69b6606093363f55a2a574c018901c40952d4e902e670656d18213c71ad7/pyarrow-17.0.0-cp311-cp311-manylinux_2_28_aarch64.whl", hash = "sha256:dc5c31c37409dfbc5d014047817cb4ccd8c1ea25d19576acf1a001fe07f5b420", size = 38740798 },
    { url = "https://files.pythonhosted.org/packages/4c/21/9ca93b84b92ef927814cb7ba37f0774a484c849d58f0b692b16af8eebcfb/pyarrow-17.0.0-cp311-cp311-manylinux_2_28_x86_64.whl", hash = "sha256:e3343cb1e88bc2ea605986d4b94948716edc7a8d14afd4e2c097232f729758b4", size = 39871877 },
    { url = "https://files.pythonhosted.org/packages/30/d1/63a7c248432c71c7d3ee803e706590a0b81ce1a8d2b2ae49677774b813bb/pyarrow-17.0.0-cp311-cp311-win_amd64.whl", hash = "sha256:a27532c38f3de9eb3e90ecab63dfda948a8ca859a66e3a47f5f42d1e403c4d03", size = 25151089 },
    { url = "https://files.pythonhosted.org/packages/d4/62/ce6ac1275a432b4a27c55fe96c58147f111d8ba1ad800a112d31859fae2f/pyarrow-17.0.0-cp312-cp312-macosx_10_15_x86_64.whl", hash = "sha256:9b8a823cea605221e61f34859dcc03207e52e409ccf6354634143e23af7c8d22", size = 29019418 },
    { url = "https://files.pythonhosted.org/packages/8e/0a/dbd0c134e7a0c30bea439675cc120012337202e5fac7163ba839aa3691d2/pyarrow-17.0.0-cp312-cp312-macosx_11_0_arm64.whl", hash = "sha256:f1e70de6cb5790a50b01d2b686d54aaf73da01266850b05e3af2a1bc89e16053", size = 27152197 },
    { url = "https://files.pythonhosted.org/packages/cb/05/3f4a16498349db79090767620d6dc23c1ec0c658a668d61d76b87706c65d/pyarrow-17.0.0-cp312-cp312-manylinux_2_17_aarch64.manylinux2014_aarch64.whl", hash = "sha256:0071ce35788c6f9077ff9ecba4858108eebe2ea5a3f7cf2cf55ebc1dbc6ee24a", size = 39263026 },
    { url = "https://files.pythonhosted.org/packages/c2/0c/ea2107236740be8fa0e0d4a293a095c9f43546a2465bb7df34eee9126b09/pyarrow-17.0.0-cp312-cp312-manylinux_2_17_x86_64.manylinux2014_x86_64.whl", hash = "sha256:757074882f844411fcca735e39aae74248a1531367a7c80799b4266390ae51cc", size = 39880798 },
    { url = "https://files.pythonhosted.org/packages/f6/b0/b9164a8bc495083c10c281cc65064553ec87b7537d6f742a89d5953a2a3e/pyarrow-17.0.0-cp312-cp312-manylinux_2_28_aarch64.whl", hash = "sha256:9ba11c4f16976e89146781a83833df7f82077cdab7dc6232c897789343f7891a", size = 38715172 },
    { url = "https://files.pythonhosted.org/packages/f1/c4/9625418a1413005e486c006e56675334929fad864347c5ae7c1b2e7fe639/pyarrow-17.0.0-cp312-cp312-manylinux_2_28_x86_64.whl", hash = "sha256:b0c6ac301093b42d34410b187bba560b17c0330f64907bfa4f7f7f2444b0cf9b", size = 39874508 },
    { url = "https://files.pythonhosted.org/packages/ae/49/baafe2a964f663413be3bd1cf5c45ed98c5e42e804e2328e18f4570027c1/pyarrow-17.0.0-cp312-cp312-win_amd64.whl", hash = "sha256:392bc9feabc647338e6c89267635e111d71edad5fcffba204425a7c8d13610d7", size = 25099235 },
]

[[package]]
name = "python-dateutil"
version = "2.9.0.post0"
source = { registry = "https://pypi.org/simple" }
dependencies = [
    { name = "six" },
]
sdist = { url = "https://files.pythonhosted.org/packages/66/c0/0c8b6ad9f17a802ee498c46e004a0eb49bc148f2fd230864601a86dcf6db/python-dateutil-2.9.0.post0.tar.gz", hash = "sha256:37dd54208da7e1cd875388217d5e00ebd4179249f90fb72437e91a35459a0ad3", size = 342432 }
wheels = [
    { url = "https://files.pythonhosted.org/packages/ec/57/56b9bcc3c9c6a792fcbaf139543cee77261f3651ca9da0c93f5c1221264b/python_dateutil-2.9.0.post0-py2.py3-none-any.whl", hash = "sha256:a8b2bc7bffae282281c8140a97d3aa9c14da0b136dfe83f850eea9a5f7470427", size = 229892 },
]

[[package]]
name = "reactivex"
version = "4.0.4"
source = { registry = "https://pypi.org/simple" }
dependencies = [
    { name = "typing-extensions" },
]
sdist = { url = "https://files.pythonhosted.org/packages/ef/63/f776322df4d7b456446eff78c4e64f14c3c26d57d46b4e06c18807d5d99c/reactivex-4.0.4.tar.gz", hash = "sha256:e912e6591022ab9176df8348a653fe8c8fa7a301f26f9931c9d8c78a650e04e8", size = 119177 }
wheels = [
    { url = "https://files.pythonhosted.org/packages/69/3f/2ed8c1b8fe3fc2ed816ba40554ef703aad8c51700e2606c139fcf9b7f791/reactivex-4.0.4-py3-none-any.whl", hash = "sha256:0004796c420bd9e68aad8e65627d85a8e13f293de76656165dffbcb3a0e3fb6a", size = 217791 },
]

[[package]]
name = "scripts"
version = "0.0.0"
source = { virtual = "." }
dependencies = [
    { name = "influxdb3-python" },
]

[package.metadata]
requires-dist = [{ name = "influxdb3-python", specifier = ">=0.8.0" }]

[[package]]
name = "setuptools"
version = "74.1.1"
source = { registry = "https://pypi.org/simple" }
sdist = { url = "https://files.pythonhosted.org/packages/27/cb/e754933c1ca726b0d99980612dc9da2886e76c83968c246cfb50f491a96b/setuptools-74.1.1.tar.gz", hash = "sha256:2353af060c06388be1cecbf5953dcdb1f38362f87a2356c480b6b4d5fcfc8847", size = 1357738 }
wheels = [
    { url = "https://files.pythonhosted.org/packages/48/f3/e30ee63caefa90716afdffd7d9ae959cd8d0dbd2d0a0eb9fe1d73ddf806b/setuptools-74.1.1-py3-none-any.whl", hash = "sha256:fc91b5f89e392ef5b77fe143b17e32f65d3024744fba66dc3afe07201684d766", size = 1263655 },
]

[[package]]
name = "six"
version = "1.16.0"
source = { registry = "https://pypi.org/simple" }
sdist = { url = "https://files.pythonhosted.org/packages/71/39/171f1c67cd00715f190ba0b100d606d440a28c93c7714febeca8b79af85e/six-1.16.0.tar.gz", hash = "sha256:1e61c37477a1626458e36f7b1d82aa5c9b094fa4802892072e49de9c60c4c926", size = 34041 }
wheels = [
    { url = "https://files.pythonhosted.org/packages/d9/5a/e7c31adbe875f2abbb91bd84cf2dc52d792b5a01506781dbcf25c91daf11/six-1.16.0-py2.py3-none-any.whl", hash = "sha256:8abb2f1d86890a2dfb989f9a77cfcfd3e47c2a354b01111771326f8aa26e0254", size = 11053 },
]

[[package]]
name = "typing-extensions"
version = "4.12.2"
source = { registry = "https://pypi.org/simple" }
sdist = { url = "https://files.pythonhosted.org/packages/df/db/f35a00659bc03fec321ba8bce9420de607a1d37f8342eee1863174c69557/typing_extensions-4.12.2.tar.gz", hash = "sha256:1a7ead55c7e559dd4dee8856e3a88b41225abfe1ce8df57b7c13915fe121ffb8", size = 85321 }
wheels = [
    { url = "https://files.pythonhosted.org/packages/26/9f/ad63fc0248c5379346306f8668cda6e2e2e9c95e01216d2b8ffd9ff037d0/typing_extensions-4.12.2-py3-none-any.whl", hash = "sha256:04e5ca0351e0f3f85c6853954072df659d0d13fac324d0072316b67d7794700d", size = 37438 },
]

[[package]]
name = "urllib3"
version = "2.2.2"
source = { registry = "https://pypi.org/simple" }
sdist = { url = "https://files.pythonhosted.org/packages/43/6d/fa469ae21497ddc8bc93e5877702dca7cb8f911e337aca7452b5724f1bb6/urllib3-2.2.2.tar.gz", hash = "sha256:dd505485549a7a552833da5e6063639d0d177c04f23bc3864e41e5dc5f612168", size = 292266 }
wheels = [
    { url = "https://files.pythonhosted.org/packages/ca/1c/89ffc63a9605b583d5df2be791a27bc1a42b7c32bab68d3c8f2f73a98cd4/urllib3-2.2.2-py3-none-any.whl", hash = "sha256:a448b2f64d686155468037e1ace9f2d2199776e17f0a46610480d311f73e3472", size = 121444 },
]
